
Microsoft Visual Studio Solution File, Format Version 12.00
# Visual Studio Version 16
VisualStudioVersion = 16.0.33130.400
MinimumVisualStudioVersion = 10.0.40219.1
Project("{FAE04EC0-301F-11D3-BF4B-00C04F79EFBC}") = "Homework18_1", "Homework18_1\Homework18_1.csproj", "{9494DEAC-5F57-46E0-98FC-C6C2C98C000C}"
EndProject
Global
	GlobalSection(SolutionConfigurationPlatforms) = preSolution
		Debug|Any CPU = Debug|Any CPU
		Release|Any CPU = Release|Any CPU
	EndGlobalSection
	GlobalSection(ProjectConfigurationPlatforms) = postSolution
		{9494DEAC-5F57-46E0-98FC-C6C2C98C000C}.Debug|Any CPU.ActiveCfg = Debug|Any CPU
		{9494DEAC-5F57-46E0-98FC-C6C2C98C000C}.Debug|Any CPU.Build.0 = Debug|Any CPU
		{9494DEAC-5F57-46E0-98FC-C6C2C98C000C}.Release|Any CPU.ActiveCfg = Release|Any CPU
		{9494DEAC-5F57-46E0-98FC-C6C2C98C000C}.Release|Any CPU.Build.0 = Release|Any CPU
	EndGlobalSection
	GlobalSection(SolutionProperties) = preSolution
		HideSolutionNode = FALSE
	EndGlobalSection
	GlobalSection(ExtensibilityGlobals) = postSolution
		SolutionGuid = {1169CF2C-B9EC-484C-AB36-CE639319E650}
	EndGlobalSection
EndGlobal
